{
  "name": "app",
  "lockfileVersion": 2,
  "requires": true,
  "packages": {
    "": {
      "name": "app",
      "dependencies": {
        "@hotwired/stimulus": "^3.2.1",
        "@hotwired/turbo-rails": "^7.2.4",
        "esbuild": "^0.16.10",
        "react": "^18.2.0",
        "react-dom": "^18.2.0",
        "react-multi-select-component": "^4.3.4",
        "react-router": "^6.6.1",
        "react-router-dom": "^6.6.1"
      }
    },
    "node_modules/@esbuild/linux-x64": {
      "version": "0.16.10",
      "resolved": "https://registry.npmjs.org/@esbuild/linux-x64/-/linux-x64-0.16.10.tgz",
      "integrity": "sha512-61lcjVC/RldNNMUzQQdyCWjCxp9YLEQgIxErxU9XluX7juBdGKb0pvddS0vPNuCvotRbzijZ1pzII+26haWzbA==",
      "cpu": [
        "x64"
      ],
      "license": "MIT",
      "optional": true,
      "os": [
        "linux"
      ],
      "engines": {
        "node": ">=12"
      }
    },
    "node_modules/@hotwired/stimulus": {
      "version": "3.2.1",
      "resolved": "https://registry.npmjs.org/@hotwired/stimulus/-/stimulus-3.2.1.tgz",
      "integrity": "sha512-HGlzDcf9vv/EQrMJ5ZG6VWNs8Z/xMN+1o2OhV1gKiSG6CqZt5MCBB1gRg5ILiN3U0jEAxuDTNPRfBcnZBDmupQ==",
      "license": "MIT"
    },
    "node_modules/@hotwired/turbo": {
      "version": "7.2.4",
      "resolved": "https://registry.npmjs.org/@hotwired/turbo/-/turbo-7.2.4.tgz",
      "integrity": "sha512-c3xlOroHp/cCZHDOuLp6uzQYEbvXBUVaal0puXoGJ9M8L/KHwZ3hQozD4dVeSN9msHWLxxtmPT1TlCN7gFhj4w==",
      "license": "MIT",
      "engines": {
        "node": ">= 14"
      }
    },
    "node_modules/@hotwired/turbo-rails": {
      "version": "7.2.4",
      "resolved": "https://registry.npmjs.org/@hotwired/turbo-rails/-/turbo-rails-7.2.4.tgz",
      "integrity": "sha512-givDUQqaccd19BvErz1Cf2j6MXF74m0G6I75oqFJGeXAa7vwkz9nDplefVNrALCR9Xi9j9gy32xmSI6wD0tZyA==",
      "license": "MIT",
      "dependencies": {
        "@hotwired/turbo": "^7.2.4",
        "@rails/actioncable": "^7.0"
      }
    },
    "node_modules/@rails/actioncable": {
      "version": "7.0.4",
      "resolved": "https://registry.npmjs.org/@rails/actioncable/-/actioncable-7.0.4.tgz",
      "integrity": "sha512-tz4oM+Zn9CYsvtyicsa/AwzKZKL+ITHWkhiu7x+xF77clh2b4Rm+s6xnOgY/sGDWoFWZmtKsE95hxBPkgQQNnQ==",
      "license": "MIT"
    },
    "node_modules/@remix-run/router": {
      "version": "1.2.1",
      "resolved": "https://registry.npmjs.org/@remix-run/router/-/router-1.2.1.tgz",
      "integrity": "sha512-XiY0IsyHR+DXYS5vBxpoBe/8veTeoRpMHP+vDosLZxL5bnpetzI0igkxkLZS235ldLzyfkxF+2divEwWHP3vMQ==",
      "engines": {
        "node": ">=14"
      }
    },
    "node_modules/esbuild": {
      "version": "0.16.10",
      "resolved": "https://registry.npmjs.org/esbuild/-/esbuild-0.16.10.tgz",
      "integrity": "sha512-z5dIViHoVnw2l+NCJ3zj5behdXjYvXne9gL18OOivCadXDUhyDkeSvEtLcGVAJW2fNmh33TDUpsi704XYlDodw==",
      "hasInstallScript": true,
      "license": "MIT",
      "bin": {
        "esbuild": "bin/esbuild"
      },
      "engines": {
        "node": ">=12"
      },
      "optionalDependencies": {
        "@esbuild/android-arm": "0.16.10",
        "@esbuild/android-arm64": "0.16.10",
        "@esbuild/android-x64": "0.16.10",
        "@esbuild/darwin-arm64": "0.16.10",
        "@esbuild/darwin-x64": "0.16.10",
        "@esbuild/freebsd-arm64": "0.16.10",
        "@esbuild/freebsd-x64": "0.16.10",
        "@esbuild/linux-arm": "0.16.10",
        "@esbuild/linux-arm64": "0.16.10",
        "@esbuild/linux-ia32": "0.16.10",
        "@esbuild/linux-loong64": "0.16.10",
        "@esbuild/linux-mips64el": "0.16.10",
        "@esbuild/linux-ppc64": "0.16.10",
        "@esbuild/linux-riscv64": "0.16.10",
        "@esbuild/linux-s390x": "0.16.10",
        "@esbuild/linux-x64": "0.16.10",
        "@esbuild/netbsd-x64": "0.16.10",
        "@esbuild/openbsd-x64": "0.16.10",
        "@esbuild/sunos-x64": "0.16.10",
        "@esbuild/win32-arm64": "0.16.10",
        "@esbuild/win32-ia32": "0.16.10",
        "@esbuild/win32-x64": "0.16.10"
      }
    },
    "node_modules/js-tokens": {
      "version": "4.0.0",
      "resolved": "https://registry.npmjs.org/js-tokens/-/js-tokens-4.0.0.tgz",
      "integrity": "sha512-RdJUflcE3cUzKiMqQgsCu06FPu9UdIJO0beYbPhHN4k6apgJtifcoCtT9bcxOpYBtpD2kCM6Sbzg4CausW/PKQ=="
    },
    "node_modules/loose-envify": {
      "version": "1.4.0",
      "resolved": "https://registry.npmjs.org/loose-envify/-/loose-envify-1.4.0.tgz",
      "integrity": "sha512-lyuxPGr/Wfhrlem2CL/UcnUc1zcqKAImBDzukY7Y5F/yQiNdko6+fRLevlw1HgMySw7f611UIY408EtxRSoK3Q==",
      "dependencies": {
        "js-tokens": "^3.0.0 || ^4.0.0"
      },
      "bin": {
        "loose-envify": "cli.js"
      }
    },
    "node_modules/react": {
      "version": "18.2.0",
      "resolved": "https://registry.npmjs.org/react/-/react-18.2.0.tgz",
      "integrity": "sha512-/3IjMdb2L9QbBdWiW5e3P2/npwMBaU9mHCSCUzNln0ZCYbcfTsGbTJrU/kGemdH2IWmB2ioZ+zkxtmq6g09fGQ==",
      "dependencies": {
        "loose-envify": "^1.1.0"
      },
      "engines": {
        "node": ">=0.10.0"
      }
    },
    "node_modules/react-dom": {
      "version": "18.2.0",
      "resolved": "https://registry.npmjs.org/react-dom/-/react-dom-18.2.0.tgz",
      "integrity": "sha512-6IMTriUmvsjHUjNtEDudZfuDQUoWXVxKHhlEGSk81n4YFS+r/Kl99wXiwlVXtPBtJenozv2P+hxDsw9eA7Xo6g==",
      "dependencies": {
        "loose-envify": "^1.1.0",
        "scheduler": "^0.23.0"
      },
      "peerDependencies": {
        "react": "^18.2.0"
      }
    },
    "node_modules/react-multi-select-component": {
      "version": "4.3.4",
      "resolved": "https://registry.npmjs.org/react-multi-select-component/-/react-multi-select-component-4.3.4.tgz",
      "integrity": "sha512-Ui/bzCbROF4WfKq3OKWyQJHmy/bd1mW7CQM+L83TfiltuVvHElhKEyPM3JzO9urIcWplBUKv+kyxqmEnd9jPcA==",
      "peerDependencies": {
        "react": "^16 || ^17 || ^18",
        "react-dom": "^16 || ^17 || ^18"
      }
    },
    "node_modules/react-router": {
      "version": "6.6.1",
      "resolved": "https://registry.npmjs.org/react-router/-/react-router-6.6.1.tgz",
      "integrity": "sha512-YkvlYRusnI/IN0kDtosUCgxqHeulN5je+ew8W+iA1VvFhf86kA+JEI/X/8NqYcr11hCDDp906S+SGMpBheNeYQ==",
      "dependencies": {
        "@remix-run/router": "1.2.1"
      },
      "engines": {
        "node": ">=14"
      },
      "peerDependencies": {
        "react": ">=16.8"
      }
    },
    "node_modules/react-router-dom": {
      "version": "6.6.1",
      "resolved": "https://registry.npmjs.org/react-router-dom/-/react-router-dom-6.6.1.tgz",
      "integrity": "sha512-u+8BKUtelStKbZD5UcY0NY90WOzktrkJJhyhNg7L0APn9t1qJNLowzrM9CHdpB6+rcPt6qQrlkIXsTvhuXP68g==",
      "dependencies": {
        "@remix-run/router": "1.2.1",
        "react-router": "6.6.1"
      },
      "engines": {
        "node": ">=14"
      },
      "peerDependencies": {
        "react": ">=16.8",
        "react-dom": ">=16.8"
      }
    },
    "node_modules/scheduler": {
      "version": "0.23.0",
      "resolved": "https://registry.npmjs.org/scheduler/-/scheduler-0.23.0.tgz",
      "integrity": "sha512-CtuThmgHNg7zIZWAXi3AsyIzA3n4xx7aNyjwC2VJldO2LMVDhFK+63xGqq6CsJH4rTAt6/M+N4GhZiDYPx9eUw==",
      "dependencies": {
        "loose-envify": "^1.1.0"
      }
    }
  },
  "dependencies": {
    "@esbuild/linux-x64": {
      "version": "0.16.10",
      "resolved": "https://registry.npmjs.org/@esbuild/linux-x64/-/linux-x64-0.16.10.tgz",
      "integrity": "sha512-61lcjVC/RldNNMUzQQdyCWjCxp9YLEQgIxErxU9XluX7juBdGKb0pvddS0vPNuCvotRbzijZ1pzII+26haWzbA==",
      "optional": true
    },
    "@hotwired/stimulus": {
      "version": "3.2.1",
      "resolved": "https://registry.npmjs.org/@hotwired/stimulus/-/stimulus-3.2.1.tgz",
      "integrity": "sha512-HGlzDcf9vv/EQrMJ5ZG6VWNs8Z/xMN+1o2OhV1gKiSG6CqZt5MCBB1gRg5ILiN3U0jEAxuDTNPRfBcnZBDmupQ=="
    },
    "@hotwired/turbo": {
      "version": "7.2.4",
      "resolved": "https://registry.npmjs.org/@hotwired/turbo/-/turbo-7.2.4.tgz",
      "integrity": "sha512-c3xlOroHp/cCZHDOuLp6uzQYEbvXBUVaal0puXoGJ9M8L/KHwZ3hQozD4dVeSN9msHWLxxtmPT1TlCN7gFhj4w=="
    },
    "@hotwired/turbo-rails": {
      "version": "7.2.4",
      "resolved": "https://registry.npmjs.org/@hotwired/turbo-rails/-/turbo-rails-7.2.4.tgz",
      "integrity": "sha512-givDUQqaccd19BvErz1Cf2j6MXF74m0G6I75oqFJGeXAa7vwkz9nDplefVNrALCR9Xi9j9gy32xmSI6wD0tZyA==",
      "requires": {
        "@hotwired/turbo": "^7.2.4",
        "@rails/actioncable": "^7.0"
      }
    },
    "@rails/actioncable": {
      "version": "7.0.4",
      "resolved": "https://registry.npmjs.org/@rails/actioncable/-/actioncable-7.0.4.tgz",
      "integrity": "sha512-tz4oM+Zn9CYsvtyicsa/AwzKZKL+ITHWkhiu7x+xF77clh2b4Rm+s6xnOgY/sGDWoFWZmtKsE95hxBPkgQQNnQ=="
    },
    "@remix-run/router": {
      "version": "1.2.1",
      "resolved": "https://registry.npmjs.org/@remix-run/router/-/router-1.2.1.tgz",
      "integrity": "sha512-XiY0IsyHR+DXYS5vBxpoBe/8veTeoRpMHP+vDosLZxL5bnpetzI0igkxkLZS235ldLzyfkxF+2divEwWHP3vMQ=="
    },
    "esbuild": {
      "version": "0.16.10",
      "resolved": "https://registry.npmjs.org/esbuild/-/esbuild-0.16.10.tgz",
      "integrity": "sha512-z5dIViHoVnw2l+NCJ3zj5behdXjYvXne9gL18OOivCadXDUhyDkeSvEtLcGVAJW2fNmh33TDUpsi704XYlDodw==",
      "requires": {
        "@esbuild/android-arm": "0.16.10",
        "@esbuild/android-arm64": "0.16.10",
        "@esbuild/android-x64": "0.16.10",
        "@esbuild/darwin-arm64": "0.16.10",
        "@esbuild/darwin-x64": "0.16.10",
        "@esbuild/freebsd-arm64": "0.16.10",
        "@esbuild/freebsd-x64": "0.16.10",
        "@esbuild/linux-arm": "0.16.10",
        "@esbuild/linux-arm64": "0.16.10",
        "@esbuild/linux-ia32": "0.16.10",
        "@esbuild/linux-loong64": "0.16.10",
        "@esbuild/linux-mips64el": "0.16.10",
        "@esbuild/linux-ppc64": "0.16.10",
        "@esbuild/linux-riscv64": "0.16.10",
        "@esbuild/linux-s390x": "0.16.10",
        "@esbuild/linux-x64": "0.16.10",
        "@esbuild/netbsd-x64": "0.16.10",
        "@esbuild/openbsd-x64": "0.16.10",
        "@esbuild/sunos-x64": "0.16.10",
        "@esbuild/win32-arm64": "0.16.10",
        "@esbuild/win32-ia32": "0.16.10",
        "@esbuild/win32-x64": "0.16.10"
      }
    },
    "js-tokens": {
      "version": "4.0.0",
      "resolved": "https://registry.npmjs.org/js-tokens/-/js-tokens-4.0.0.tgz",
      "integrity": "sha512-RdJUflcE3cUzKiMqQgsCu06FPu9UdIJO0beYbPhHN4k6apgJtifcoCtT9bcxOpYBtpD2kCM6Sbzg4CausW/PKQ=="
    },
    "loose-envify": {
      "version": "1.4.0",
      "resolved": "https://registry.npmjs.org/loose-envify/-/loose-envify-1.4.0.tgz",
      "integrity": "sha512-lyuxPGr/Wfhrlem2CL/UcnUc1zcqKAImBDzukY7Y5F/yQiNdko6+fRLevlw1HgMySw7f611UIY408EtxRSoK3Q==",
      "requires": {
        "js-tokens": "^3.0.0 || ^4.0.0"
      }
    },
    "react": {
      "version": "18.2.0",
      "resolved": "https://registry.npmjs.org/react/-/react-18.2.0.tgz",
      "integrity": "sha512-/3IjMdb2L9QbBdWiW5e3P2/npwMBaU9mHCSCUzNln0ZCYbcfTsGbTJrU/kGemdH2IWmB2ioZ+zkxtmq6g09fGQ==",
      "requires": {
        "loose-envify": "^1.1.0"
      }
    },
    "react-dom": {
      "version": "18.2.0",
      "resolved": "https://registry.npmjs.org/react-dom/-/react-dom-18.2.0.tgz",
      "integrity": "sha512-6IMTriUmvsjHUjNtEDudZfuDQUoWXVxKHhlEGSk81n4YFS+r/Kl99wXiwlVXtPBtJenozv2P+hxDsw9eA7Xo6g==",
      "requires": {
        "loose-envify": "^1.1.0",
        "scheduler": "^0.23.0"
      }
    },
    "react-multi-select-component": {
      "version": "4.3.4",
      "resolved": "https://registry.npmjs.org/react-multi-select-component/-/react-multi-select-component-4.3.4.tgz",
      "integrity": "sha512-Ui/bzCbROF4WfKq3OKWyQJHmy/bd1mW7CQM+L83TfiltuVvHElhKEyPM3JzO9urIcWplBUKv+kyxqmEnd9jPcA==",
      "requires": {}
    },
    "react-router": {
      "version": "6.6.1",
      "resolved": "https://registry.npmjs.org/react-router/-/react-router-6.6.1.tgz",
      "integrity": "sha512-YkvlYRusnI/IN0kDtosUCgxqHeulN5je+ew8W+iA1VvFhf86kA+JEI/X/8NqYcr11hCDDp906S+SGMpBheNeYQ==",
      "requires": {
        "@remix-run/router": "1.2.1"
      }
    },
    "react-router-dom": {
      "version": "6.6.1",
      "resolved": "https://registry.npmjs.org/react-router-dom/-/react-router-dom-6.6.1.tgz",
      "integrity": "sha512-u+8BKUtelStKbZD5UcY0NY90WOzktrkJJhyhNg7L0APn9t1qJNLowzrM9CHdpB6+rcPt6qQrlkIXsTvhuXP68g==",
      "requires": {
        "@remix-run/router": "1.2.1",
        "react-router": "6.6.1"
      }
    },
    "scheduler": {
      "version": "0.23.0",
      "resolved": "https://registry.npmjs.org/scheduler/-/scheduler-0.23.0.tgz",
      "integrity": "sha512-CtuThmgHNg7zIZWAXi3AsyIzA3n4xx7aNyjwC2VJldO2LMVDhFK+63xGqq6CsJH4rTAt6/M+N4GhZiDYPx9eUw==",
      "requires": {
        "loose-envify": "^1.1.0"
      }
    }
  }
}
